
Microsoft Visual Studio Solution File, Format Version 12.00
# Visual Studio 14
VisualStudioVersion = 14.0.25420.1
MinimumVisualStudioVersion = 10.0.40219.1
Project("{FAE04EC0-301F-11D3-BF4B-00C04F79EFBC}") = "Esibayeni", "Esibayeni\Esibayeni.csproj", "{3692ABF7-03C0-4A23-97C5-26B7722FCCAB}"
EndProject
Project("{FAE04EC0-301F-11D3-BF4B-00C04F79EFBC}") = "Esibayeni.Tests", "Esibayeni.Tests\Esibayeni.Tests.csproj", "{A452EA95-BD35-421E-9946-A119B0C42D76}"
EndProject
Global
	GlobalSection(SolutionConfigurationPlatforms) = preSolution
		Debug|Any CPU = Debug|Any CPU
		Release|Any CPU = Release|Any CPU
	EndGlobalSection
	GlobalSection(ProjectConfigurationPlatforms) = postSolution
		{3692ABF7-03C0-4A23-97C5-26B7722FCCAB}.Debug|Any CPU.ActiveCfg = Debug|Any CPU
		{3692ABF7-03C0-4A23-97C5-26B7722FCCAB}.Debug|Any CPU.Build.0 = Debug|Any CPU
		{3692ABF7-03C0-4A23-97C5-26B7722FCCAB}.Release|Any CPU.ActiveCfg = Release|Any CPU
		{3692ABF7-03C0-4A23-97C5-26B7722FCCAB}.Release|Any CPU.Build.0 = Release|Any CPU
		{A452EA95-BD35-421E-9946-A119B0C42D76}.Debug|Any CPU.ActiveCfg = Debug|Any CPU
		{A452EA95-BD35-421E-9946-A119B0C42D76}.Debug|Any CPU.Build.0 = Debug|Any CPU
		{A452EA95-BD35-421E-9946-A119B0C42D76}.Release|Any CPU.ActiveCfg = Release|Any CPU
		{A452EA95-BD35-421E-9946-A119B0C42D76}.Release|Any CPU.Build.0 = Release|Any CPU
	EndGlobalSection
	GlobalSection(SolutionProperties) = preSolution
		HideSolutionNode = FALSE
	EndGlobalSection
EndGlobal
